
Microsoft Visual Studio Solution File, Format Version 11.00
# Visual Studio 2010
Project("{FAE04EC0-301F-11D3-BF4B-00C04F79EFBC}") = "PUrify", "PUrify\PUrify.csproj", "{BF743357-4675-437B-8C6C-3A4513D7E163}"
EndProject
Global
	GlobalSection(SolutionConfigurationPlatforms) = preSolution
		Debug|Any CPU = Debug|Any CPU
		Release|Any CPU = Release|Any CPU
	EndGlobalSection
	GlobalSection(ProjectConfigurationPlatforms) = postSolution
		{BF743357-4675-437B-8C6C-3A4513D7E163}.Debug|Any CPU.ActiveCfg = Debug|Any CPU
		{BF743357-4675-437B-8C6C-3A4513D7E163}.Debug|Any CPU.Build.0 = Debug|Any CPU
		{BF743357-4675-437B-8C6C-3A4513D7E163}.Release|Any CPU.ActiveCfg = Release|Any CPU
		{BF743357-4675-437B-8C6C-3A4513D7E163}.Release|Any CPU.Build.0 = Release|Any CPU
	EndGlobalSection
	GlobalSection(MonoDevelopProperties) = preSolution
		StartupItem = PUrify\PUrify.csproj
	EndGlobalSection
EndGlobal
